affine==2.4.0
    # via rasterio
aiodns==4.0.4
    # via async-retriever
aiofiles==25.1.0
    # via async-retriever
aiohappyeyeballs==2.7.1
    # via aiohttp
aiohttp==3.14.1
    # via
    #   aiohttp-client-cache
    #   async-retriever
aiohttp-client-cache==0.14.3
    # via async-retriever
aiosignal==1.4.0
    # via aiohttp
aiosqlite==0.22.1
    # via async-retriever
annotated-types==0.7.0
    # via pydantic
anyio==4.14.2
    # via
    #   httpx
    #   starlette
    #   watchfiles
anywidget==0.11.0
    # via shinywidgets
asgiref==3.12.1
    # via shiny
asttokens==3.0.2
    # via stack-data
async-retriever==0.19.3
    # via
    #   py3dep
    #   pygeoogc
    #   pynhd
attrs==26.1.0
    # via
    #   aiohttp
    #   aiohttp-client-cache
    #   cattrs
    #   rasterio
    #   requests-cache
branca==0.8.2
    # via ipyleaflet
brotli==1.2.0
    # via async-retriever
cattrs==26.1.0
    # via requests-cache
certifi==2026.6.17
    # via
    #   httpcore
    #   httpx
    #   netcdf4
    #   pyogrio
    #   pyproj
    #   rasterio
    #   requests
cffi==2.1.0
    # via pycares
cftime==1.6.5
    # via netcdf4
charset-normalizer==3.4.9
    # via
    #   reportlab
    #   requests
click==8.4.2
    # via
    #   cligj
    #   py3dep
    #   rasterio
    #   shiny
    #   uvicorn
cligj==0.7.2
    # via rasterio
colorama==0.4.6
    # via
    #   click
    #   ipython
comm==0.2.3
    # via ipywidgets
contourpy==1.3.3
    # via matplotlib
cycler==0.12.1
    # via matplotlib
cytoolz==1.1.0
    # via
    #   async-retriever
    #   py3dep
    #   pygeoogc
    #   pygeoutils
    #   pynhd
decorator==5.3.1
    # via ipython
defusedxml==0.7.1
    # via pygeoogc
executing==2.2.1
    # via stack-data
flopy==3.9.5
    # via -r requirements.txt
fonttools==4.63.0
    # via matplotlib
frozenlist==1.8.0
    # via
    #   aiohttp
    #   aiosignal
geopandas==1.1.4
    # via
    #   -r requirements.txt
    #   py3dep
    #   pygeoutils
    #   pynhd
h11==0.16.0
    # via
    #   httpcore
    #   uvicorn
h5py==3.16.0
    # via -r requirements.txt
htmltools==0.7.0
    # via
    #   shiny
    #   shinychat
httpcore==1.0.9
    # via httpx
httpx==0.28.1
    # via -r requirements.txt
idna==3.18
    # via
    #   anyio
    #   httpx
    #   requests
    #   url-normalize
    #   yarl
imageio==2.37.3
    # via scikit-image
imageio-ffmpeg==0.6.0
    # via -r requirements.txt
ipyleaflet==0.20.0
    # via -r requirements.txt
ipython==9.15.0
    # via ipywidgets
ipython-pygments-lexers==1.1.1
    # via ipython
ipywidgets==8.1.8
    # via
    #   anywidget
    #   ipyleaflet
    #   shinywidgets
itsdangerous==2.2.0
    # via aiohttp-client-cache
jedi==0.20.0
    # via ipython
jinja2==3.1.6
    # via
    #   -r requirements.txt
    #   branca
joblib==1.5.3
    # via pygeoogc
jupyter-core==5.9.1
    # via shinywidgets
jupyter-leaflet==0.20.0
    # via ipyleaflet
jupyterlab-widgets==3.0.16
    # via ipywidgets
kiwisolver==1.5.0
    # via matplotlib
lazy-loader==0.5
    # via scikit-image
linkify-it-py==2.1.0
    # via shiny
lxml==6.1.1
    # via owslib
markdown-it-py==4.2.0
    # via
    #   mdit-py-plugins
    #   shiny
markupsafe==3.0.3
    # via jinja2
matplotlib==3.11.0
    # via
    #   -r requirements.txt
    #   flopy
    #   seaborn
matplotlib-inline==0.2.2
    # via ipython
mdit-py-plugins==0.6.1
    # via shiny
mdurl==0.1.2
    # via markdown-it-py
multidict==6.7.1
    # via
    #   aiohttp
    #   async-retriever
    #   pygeoogc
    #   yarl
narwhals==2.24.0
    # via shiny
netcdf4==1.7.4
    # via
    #   -r requirements.txt
    #   pygeoutils
networkx==3.6.1
    # via
    #   pynhd
    #   scikit-image
numpy==2.5.1
    # via
    #   -r requirements.txt
    #   cftime
    #   contourpy
    #   flopy
    #   geopandas
    #   h5py
    #   imageio
    #   matplotlib
    #   netcdf4
    #   pandas
    #   py3dep
    #   pygeoutils
    #   pynhd
    #   pyogrio
    #   rasterio
    #   rioxarray
    #   scikit-image
    #   scipy
    #   seaborn
    #   shapely
    #   tifffile
    #   xarray
opentelemetry-api==1.44.0
    # via shiny
orjson==3.11.9
    # via
    #   async-retriever
    #   pygeoogc
    #   shiny
owslib==0.36.0
    # via pygeoogc
packaging==26.2
    # via
    #   geopandas
    #   htmltools
    #   lazy-loader
    #   matplotlib
    #   pyogrio
    #   rioxarray
    #   scikit-image
    #   shiny
    #   xarray
pandas==2.3.3
    # via
    #   -r requirements.txt
    #   flopy
    #   geopandas
    #   pynhd
    #   seaborn
    #   xarray
parso==0.8.7
    # via jedi
pillow==12.3.0
    # via
    #   imageio
    #   matplotlib
    #   reportlab
    #   scikit-image
platformdirs==4.10.0
    # via
    #   jupyter-core
    #   requests-cache
    #   shiny
prompt-toolkit==3.0.52
    # via
    #   ipython
    #   questionary
    #   shiny
propcache==0.5.2
    # via
    #   aiohttp
    #   yarl
psutil==7.2.2
    # via ipython
psygnal==0.15.1
    # via anywidget
pure-eval==0.2.3
    # via stack-data
py3dep==0.19.0
    # via -r requirements.txt
pyarrow==25.0.0
    # via pynhd
pycares==5.0.1
    # via aiodns
pycparser==3.0
    # via cffi
pydantic==2.13.4
    # via
    #   -r requirements.txt
    #   shinychat
pydantic-core==2.46.4
    # via pydantic
pygeoogc==0.19.4
    # via
    #   py3dep
    #   pynhd
pygeoutils==0.19.5
    # via
    #   py3dep
    #   pynhd
pygments==2.20.0
    # via
    #   ipython
    #   ipython-pygments-lexers
pynhd==0.20.0
    # via -r requirements.txt
pyogrio==0.13.0
    # via geopandas
pyparsing==3.3.2
    # via
    #   matplotlib
    #   rasterio
pyproj==3.7.2
    # via
    #   -r requirements.txt
    #   geopandas
    #   pygeoogc
    #   pygeoutils
    #   rioxarray
python-dateutil==2.9.0.post0
    # via
    #   matplotlib
    #   owslib
    #   pandas
    #   shinywidgets
python-multipart==0.0.32
    # via shiny
pytz==2026.2
    # via pandas
pyyaml==6.0.3
    # via
    #   -r requirements.txt
    #   owslib
questionary==2.1.1
    # via shiny
rasterio==1.5.0
    # via
    #   -r requirements.txt
    #   py3dep
    #   pygeoutils
    #   rioxarray
reportlab==5.0.0
    # via -r requirements.txt
requests==2.34.2
    # via
    #   owslib
    #   pygeoogc
    #   requests-cache
requests-cache==1.3.3
    # via pygeoogc
rioxarray==0.22.0
    # via
    #   -r requirements.txt
    #   py3dep
    #   pygeoutils
scikit-image==0.26.0
    # via -r requirements.txt
scipy==1.18.0
    # via
    #   -r requirements.txt
    #   pygeoutils
    #   scikit-image
seaborn==0.13.2
    # via -r requirements.txt
setuptools==83.0.0
    # via shiny
shapely==2.1.2
    # via
    #   -r requirements.txt
    #   geopandas
    #   py3dep
    #   pygeoogc
    #   pygeoutils
    #   pynhd
shiny==1.6.3
    # via
    #   -r requirements.txt
    #   shinychat
    #   shinywidgets
shinychat==0.6.0
    # via shiny
shinywidgets==0.8.1
    # via -r requirements.txt
six==1.17.0
    # via python-dateutil
stack-data==0.6.3
    # via ipython
starlette==1.3.1
    # via shiny
tabulate==0.10.0
    # via -r requirements.txt
tifffile==2026.7.14
    # via scikit-image
toolz==1.1.0
    # via cytoolz
traitlets==5.15.1
    # via
    #   ipython
    #   ipywidgets
    #   jupyter-core
    #   matplotlib-inline
    #   traittypes
traittypes==0.2.3
    # via ipyleaflet
typing-extensions==4.16.0
    # via
    #   aiohttp
    #   aiosignal
    #   anyio
    #   anywidget
    #   cattrs
    #   htmltools
    #   opentelemetry-api
    #   pydantic
    #   pydantic-core
    #   pygeoogc
    #   shiny
    #   starlette
    #   typing-inspection
typing-inspection==0.4.2
    # via pydantic
tzdata==2026.3
    # via pandas
uc-micro-py==2.0.0
    # via linkify-it-py
url-normalize==3.0.0
    # via
    #   aiohttp-client-cache
    #   pygeoogc
    #   requests-cache
urllib3==2.7.0
    # via
    #   pygeoogc
    #   requests
    #   requests-cache
uvicorn==0.51.0
    # via shiny
watchfiles==1.2.0
    # via shiny
wcwidth==0.8.2
    # via prompt-toolkit
websockets==16.1.1
    # via shiny
widgetsnbextension==4.0.15
    # via ipywidgets
xarray==2026.7.0
    # via
    #   -r requirements.txt
    #   py3dep
    #   pygeoutils
    #   rioxarray
xyzservices==2026.3.0
    # via ipyleaflet
yarl==1.24.2
    # via
    #   aiohttp
    #   async-retriever
    #   pygeoogc
